
Microsoft Visual Studio Solution File, Format Version 11.00
# Visual Studio 2010
Project("{FAE04EC0-301F-11D3-BF4B-00C04F79EFBC}") = "Assembly-CSharp-firstpass", "Assembly-CSharp-firstpass.csproj", "{f2150281-5bfa-bfd9-03c3-ffa9e7666a2a}"
EndProject
Project("{FAE04EC0-301F-11D3-BF4B-00C04F79EFBC}") = "Assembly-CSharp", "Assembly-CSharp.csproj", "{b1d2c83c-6c73-854a-4cf7-eb73bbb0dd06}"
EndProject
Project("{FAE04EC0-301F-11D3-BF4B-00C04F79EFBC}") = "Assembly-CSharp-Editor", "Assembly-CSharp-Editor.csproj", "{e458e802-c0a5-abe3-84d4-d72eaad92c21}"
EndProject
Global
	GlobalSection(SolutionConfigurationPlatforms) = preSolution
		Debug|Any CPU = Debug|Any CPU
	EndGlobalSection
	GlobalSection(ProjectConfigurationPlatforms) = postSolution
		{f2150281-5bfa-bfd9-03c3-ffa9e7666a2a}.Debug|Any CPU.ActiveCfg = Debug|Any CPU
		{f2150281-5bfa-bfd9-03c3-ffa9e7666a2a}.Debug|Any CPU.Build.0 = Debug|Any CPU
		{b1d2c83c-6c73-854a-4cf7-eb73bbb0dd06}.Debug|Any CPU.ActiveCfg = Debug|Any CPU
		{b1d2c83c-6c73-854a-4cf7-eb73bbb0dd06}.Debug|Any CPU.Build.0 = Debug|Any CPU
		{e458e802-c0a5-abe3-84d4-d72eaad92c21}.Debug|Any CPU.ActiveCfg = Debug|Any CPU
		{e458e802-c0a5-abe3-84d4-d72eaad92c21}.Debug|Any CPU.Build.0 = Debug|Any CPU
	EndGlobalSection
	GlobalSection(SolutionProperties) = preSolution
		HideSolutionNode = FALSE
	EndGlobalSection
EndGlobal
